
Microsoft Visual Studio Solution File, Format Version 12.00
# Visual Studio Version 16
VisualStudioVersion = 16.0.30503.244
MinimumVisualStudioVersion = 10.0.40219.1
Project("{8BC9CEB8-8B4A-11D0-8D11-00A0C91BC942}") = "21611", "21611\21611.vcxproj", "{52EEAB10-2D8D-4244-B610-F84CA0E51B98}"
EndProject
Global
	GlobalSection(SolutionConfigurationPlatforms) = preSolution
		Debug|x64 = Debug|x64
		Debug|x86 = Debug|x86
		Release|x64 = Release|x64
		Release|x86 = Release|x86
	EndGlobalSection
	GlobalSection(ProjectConfigurationPlatforms) = postSolution
		{52EEAB10-2D8D-4244-B610-F84CA0E51B98}.Debug|x64.ActiveCfg = Debug|x64
		{52EEAB10-2D8D-4244-B610-F84CA0E51B98}.Debug|x64.Build.0 = Debug|x64
		{52EEAB10-2D8D-4244-B610-F84CA0E51B98}.Debug|x86.ActiveCfg = Debug|Win32
		{52EEAB10-2D8D-4244-B610-F84CA0E51B98}.Debug|x86.Build.0 = Debug|Win32
		{52EEAB10-2D8D-4244-B610-F84CA0E51B98}.Release|x64.ActiveCfg = Release|x64
		{52EEAB10-2D8D-4244-B610-F84CA0E51B98}.Release|x64.Build.0 = Release|x64
		{52EEAB10-2D8D-4244-B610-F84CA0E51B98}.Release|x86.ActiveCfg = Release|Win32
		{52EEAB10-2D8D-4244-B610-F84CA0E51B98}.Release|x86.Build.0 = Release|Win32
	EndGlobalSection
	GlobalSection(SolutionProperties) = preSolution
		HideSolutionNode = FALSE
	EndGlobalSection
	GlobalSection(ExtensibilityGlobals) = postSolution
		SolutionGuid = {F063923B-CB31-4206-B85E-7A98F91D1142}
	EndGlobalSection
EndGlobal
