
Microsoft Visual Studio Solution File, Format Version 12.00
# Visual Studio Version 16
VisualStudioVersion = 16.0.30503.244
MinimumVisualStudioVersion = 10.0.40219.1
Project("{8BC9CEB8-8B4A-11D0-8D11-00A0C91BC942}") = "2667", "2667\2667.vcxproj", "{F88038F0-1D2B-4B1B-9BC3-E9C71559F943}"
EndProject
Global
	GlobalSection(SolutionConfigurationPlatforms) = preSolution
		Debug|x64 = Debug|x64
		Debug|x86 = Debug|x86
		Release|x64 = Release|x64
		Release|x86 = Release|x86
	EndGlobalSection
	GlobalSection(ProjectConfigurationPlatforms) = postSolution
		{F88038F0-1D2B-4B1B-9BC3-E9C71559F943}.Debug|x64.ActiveCfg = Debug|x64
		{F88038F0-1D2B-4B1B-9BC3-E9C71559F943}.Debug|x64.Build.0 = Debug|x64
		{F88038F0-1D2B-4B1B-9BC3-E9C71559F943}.Debug|x86.ActiveCfg = Debug|Win32
		{F88038F0-1D2B-4B1B-9BC3-E9C71559F943}.Debug|x86.Build.0 = Debug|Win32
		{F88038F0-1D2B-4B1B-9BC3-E9C71559F943}.Release|x64.ActiveCfg = Release|x64
		{F88038F0-1D2B-4B1B-9BC3-E9C71559F943}.Release|x64.Build.0 = Release|x64
		{F88038F0-1D2B-4B1B-9BC3-E9C71559F943}.Release|x86.ActiveCfg = Release|Win32
		{F88038F0-1D2B-4B1B-9BC3-E9C71559F943}.Release|x86.Build.0 = Release|Win32
	EndGlobalSection
	GlobalSection(SolutionProperties) = preSolution
		HideSolutionNode = FALSE
	EndGlobalSection
	GlobalSection(ExtensibilityGlobals) = postSolution
		SolutionGuid = {66EC62C3-DC58-48D1-8A8B-C20A48C42A31}
	EndGlobalSection
EndGlobal
