
Microsoft Visual Studio Solution File, Format Version 12.00
# Visual Studio Version 16
VisualStudioVersion = 16.0.30503.244
MinimumVisualStudioVersion = 10.0.40219.1
Project("{8BC9CEB8-8B4A-11D0-8D11-00A0C91BC942}") = "1987", "1987\1987.vcxproj", "{C10A88BB-0EA4-4AEB-82E3-40982E6B4597}"
EndProject
Global
	GlobalSection(SolutionConfigurationPlatforms) = preSolution
		Debug|x64 = Debug|x64
		Debug|x86 = Debug|x86
		Release|x64 = Release|x64
		Release|x86 = Release|x86
	EndGlobalSection
	GlobalSection(ProjectConfigurationPlatforms) = postSolution
		{C10A88BB-0EA4-4AEB-82E3-40982E6B4597}.Debug|x64.ActiveCfg = Debug|x64
		{C10A88BB-0EA4-4AEB-82E3-40982E6B4597}.Debug|x64.Build.0 = Debug|x64
		{C10A88BB-0EA4-4AEB-82E3-40982E6B4597}.Debug|x86.ActiveCfg = Debug|Win32
		{C10A88BB-0EA4-4AEB-82E3-40982E6B4597}.Debug|x86.Build.0 = Debug|Win32
		{C10A88BB-0EA4-4AEB-82E3-40982E6B4597}.Release|x64.ActiveCfg = Release|x64
		{C10A88BB-0EA4-4AEB-82E3-40982E6B4597}.Release|x64.Build.0 = Release|x64
		{C10A88BB-0EA4-4AEB-82E3-40982E6B4597}.Release|x86.ActiveCfg = Release|Win32
		{C10A88BB-0EA4-4AEB-82E3-40982E6B4597}.Release|x86.Build.0 = Release|Win32
	EndGlobalSection
	GlobalSection(SolutionProperties) = preSolution
		HideSolutionNode = FALSE
	EndGlobalSection
	GlobalSection(ExtensibilityGlobals) = postSolution
		SolutionGuid = {89BE00F1-6FAB-480E-9001-CFFE4001A846}
	EndGlobalSection
EndGlobal
