
Microsoft Visual Studio Solution File, Format Version 12.00
# Visual Studio Version 16
VisualStudioVersion = 16.0.30503.244
MinimumVisualStudioVersion = 10.0.40219.1
Project("{8BC9CEB8-8B4A-11D0-8D11-00A0C91BC942}") = "2156", "2156\2156.vcxproj", "{BA07BC8F-B0F6-44C8-BAB8-6B09750B13DF}"
EndProject
Global
	GlobalSection(SolutionConfigurationPlatforms) = preSolution
		Debug|x64 = Debug|x64
		Debug|x86 = Debug|x86
		Release|x64 = Release|x64
		Release|x86 = Release|x86
	EndGlobalSection
	GlobalSection(ProjectConfigurationPlatforms) = postSolution
		{BA07BC8F-B0F6-44C8-BAB8-6B09750B13DF}.Debug|x64.ActiveCfg = Debug|x64
		{BA07BC8F-B0F6-44C8-BAB8-6B09750B13DF}.Debug|x64.Build.0 = Debug|x64
		{BA07BC8F-B0F6-44C8-BAB8-6B09750B13DF}.Debug|x86.ActiveCfg = Debug|Win32
		{BA07BC8F-B0F6-44C8-BAB8-6B09750B13DF}.Debug|x86.Build.0 = Debug|Win32
		{BA07BC8F-B0F6-44C8-BAB8-6B09750B13DF}.Release|x64.ActiveCfg = Release|x64
		{BA07BC8F-B0F6-44C8-BAB8-6B09750B13DF}.Release|x64.Build.0 = Release|x64
		{BA07BC8F-B0F6-44C8-BAB8-6B09750B13DF}.Release|x86.ActiveCfg = Release|Win32
		{BA07BC8F-B0F6-44C8-BAB8-6B09750B13DF}.Release|x86.Build.0 = Release|Win32
	EndGlobalSection
	GlobalSection(SolutionProperties) = preSolution
		HideSolutionNode = FALSE
	EndGlobalSection
	GlobalSection(ExtensibilityGlobals) = postSolution
		SolutionGuid = {47252BEF-D8B8-4654-96D7-C7857692C0A4}
	EndGlobalSection
EndGlobal
