
Microsoft Visual Studio Solution File, Format Version 12.00
# Visual Studio Version 16
VisualStudioVersion = 16.0.30503.244
MinimumVisualStudioVersion = 10.0.40219.1
Project("{8BC9CEB8-8B4A-11D0-8D11-00A0C91BC942}") = "13275", "13275\13275.vcxproj", "{82BB59E0-C1F4-4403-BEAF-A359A7D99746}"
EndProject
Global
	GlobalSection(SolutionConfigurationPlatforms) = preSolution
		Debug|x64 = Debug|x64
		Debug|x86 = Debug|x86
		Release|x64 = Release|x64
		Release|x86 = Release|x86
	EndGlobalSection
	GlobalSection(ProjectConfigurationPlatforms) = postSolution
		{82BB59E0-C1F4-4403-BEAF-A359A7D99746}.Debug|x64.ActiveCfg = Debug|x64
		{82BB59E0-C1F4-4403-BEAF-A359A7D99746}.Debug|x64.Build.0 = Debug|x64
		{82BB59E0-C1F4-4403-BEAF-A359A7D99746}.Debug|x86.ActiveCfg = Debug|Win32
		{82BB59E0-C1F4-4403-BEAF-A359A7D99746}.Debug|x86.Build.0 = Debug|Win32
		{82BB59E0-C1F4-4403-BEAF-A359A7D99746}.Release|x64.ActiveCfg = Release|x64
		{82BB59E0-C1F4-4403-BEAF-A359A7D99746}.Release|x64.Build.0 = Release|x64
		{82BB59E0-C1F4-4403-BEAF-A359A7D99746}.Release|x86.ActiveCfg = Release|Win32
		{82BB59E0-C1F4-4403-BEAF-A359A7D99746}.Release|x86.Build.0 = Release|Win32
	EndGlobalSection
	GlobalSection(SolutionProperties) = preSolution
		HideSolutionNode = FALSE
	EndGlobalSection
	GlobalSection(ExtensibilityGlobals) = postSolution
		SolutionGuid = {4B565C83-A671-4B25-802A-79FC417FF74E}
	EndGlobalSection
EndGlobal
